
Microsoft Visual Studio Solution File, Format Version 12.00
# Visual Studio Version 17
VisualStudioVersion = 17.4.33213.308
MinimumVisualStudioVersion = 10.0.40219.1
Project("{9A19103F-16F7-4668-BE54-9A1E7A4F7556}") = "MVBToolsCLI", "MVBToolsCLI\MVBToolsCLI.csproj", "{31AE39D5-D5B0-45CA-B5F0-D8F8B4850672}"
EndProject
Project("{9A19103F-16F7-4668-BE54-9A1E7A4F7556}") = "MVBToolsLibrary", "MVBToolsLibrary\MVBToolsLibrary.csproj", "{030DAE02-13FC-43C3-B9DB-377367F82B40}"
EndProject
Project("{00D1A9C2-B5F0-4AF3-8072-F6C62B433612}") = "MVB", "MVB\MVB.sqlproj", "{D92B49D9-AC25-4A22-92DC-ED8CA59F66AF}"
EndProject
Global
	GlobalSection(SolutionConfigurationPlatforms) = preSolution
		Debug|Any CPU = Debug|Any CPU
		Release|Any CPU = Release|Any CPU
	EndGlobalSection
	GlobalSection(ProjectConfigurationPlatforms) = postSolution
		{31AE39D5-D5B0-45CA-B5F0-D8F8B4850672}.Debug|Any CPU.ActiveCfg = Debug|Any CPU
		{31AE39D5-D5B0-45CA-B5F0-D8F8B4850672}.Debug|Any CPU.Build.0 = Debug|Any CPU
		{31AE39D5-D5B0-45CA-B5F0-D8F8B4850672}.Release|Any CPU.ActiveCfg = Release|Any CPU
		{31AE39D5-D5B0-45CA-B5F0-D8F8B4850672}.Release|Any CPU.Build.0 = Release|Any CPU
		{030DAE02-13FC-43C3-B9DB-377367F82B40}.Debug|Any CPU.ActiveCfg = Debug|Any CPU
		{030DAE02-13FC-43C3-B9DB-377367F82B40}.Debug|Any CPU.Build.0 = Debug|Any CPU
		{030DAE02-13FC-43C3-B9DB-377367F82B40}.Release|Any CPU.ActiveCfg = Release|Any CPU
		{030DAE02-13FC-43C3-B9DB-377367F82B40}.Release|Any CPU.Build.0 = Release|Any CPU
		{D92B49D9-AC25-4A22-92DC-ED8CA59F66AF}.Debug|Any CPU.ActiveCfg = Debug|Any CPU
		{D92B49D9-AC25-4A22-92DC-ED8CA59F66AF}.Debug|Any CPU.Build.0 = Debug|Any CPU
		{D92B49D9-AC25-4A22-92DC-ED8CA59F66AF}.Debug|Any CPU.Deploy.0 = Debug|Any CPU
		{D92B49D9-AC25-4A22-92DC-ED8CA59F66AF}.Release|Any CPU.ActiveCfg = Release|Any CPU
		{D92B49D9-AC25-4A22-92DC-ED8CA59F66AF}.Release|Any CPU.Build.0 = Release|Any CPU
		{D92B49D9-AC25-4A22-92DC-ED8CA59F66AF}.Release|Any CPU.Deploy.0 = Release|Any CPU
	EndGlobalSection
	GlobalSection(SolutionProperties) = preSolution
		HideSolutionNode = FALSE
	EndGlobalSection
	GlobalSection(ExtensibilityGlobals) = postSolution
		SolutionGuid = {CABB1345-46A3-4909-BFCE-09E316CB0155}
	EndGlobalSection
EndGlobal
